PODS:
  - CTMediator (25)
  - HomeModule (0.1.0)
  - HomeModule_Category (0.1.0):
    - CTMediator

DEPENDENCIES:
  - HomeModule (from `../HomeModule`)
  - HomeModule_Category (from `../HomeModule_Category`)

SPEC REPOS:
  https://github.com/cocoapods/specs.git:
    - CTMediator

EXTERNAL SOURCES:
  HomeModule:
    :path: "../HomeModule"
  HomeModule_Category:
    :path: "../HomeModule_Category"

SPEC CHECKSUMS:
  CTMediator: 830c1fc204b3a6abf2a059510c7380f56343da0f
  HomeModule: 167736d2291016c1841b37333157db1aa2470506
  HomeModule_Category: cf7a0837a70b2aa74851380a9d405dd23744f226

PODFILE CHECKSUM: 58358f24f9a4122a23614f77b4e78dc75bc14abb

COCOAPODS: 1.7.4
